// !$*UTF8*$!
{
	archiveVersion = 1;
	classes = {
	};
	objectVersion = 51;
	objects = {

/* Begin PBXBuildFile section */
		04E4DAE428F97F35814E7A94 /* Pods_InstagramTests.framework in Frameworks */ = {isa = PBXBuildFile; fileRef = D45E593B95394CBDBFA98914 /* Pods_InstagramTests.framework */; };
		D1CFBF011E1DAE5505111B7B /* Pods_Instagram.framework in Frameworks */ = {isa = PBXBuildFile; fileRef = 7A51241ADC93DC4C3472DF09 /* Pods_Instagram.framework */; };
		D64EC1BF26052F6B00BF1BD8 /* PostCell.swift in Sources */ = {isa = PBXBuildFile; fileRef = D64EC1BE26052F6B00BF1BD8 /* PostCell.swift */; };
		D6E4DEE82604FFFF0071D4FE /* AppDelegate.swift in Sources */ = {isa = PBXBuildFile; fileRef = D6E4DEE72604FFFF0071D4FE /* AppDelegate.swift */; };
		D6E4DEEA2604FFFF0071D4FE /* SceneDelegate.swift in Sources */ = {isa = PBXBuildFile; fileRef = D6E4DEE92604FFFF0071D4FE /* SceneDelegate.swift */; };
		D6E4DEEF2604FFFF0071D4FE /* Main.storyboard in Resources */ = {isa = PBXBuildFile; fileRef = D6E4DEED2604FFFF0071D4FE /* Main.storyboard */; };
		D6E4DEF1260500000071D4FE /* Assets.xcassets in Resources */ = {isa = PBXBuildFile; fileRef = D6E4DEF0260500000071D4FE /* Assets.xcassets */; };
		D6E4DEF4260500000071D4FE /* LaunchScreen.storyboard in Resources */ = {isa = PBXBuildFile; fileRef = D6E4DEF2260500000071D4FE /* LaunchScreen.storyboard */; };
		D6E4DEFF260500000071D4FE /* InstagramTests.swift in Sources */ = {isa = PBXBuildFile; fileRef = D6E4DEFE260500000071D4FE /* InstagramTests.swift */; };
		D6E4DF0A260500000071D4FE /* InstagramUITests.swift in Sources */ = {isa = PBXBuildFile; fileRef = D6E4DF09260500000071D4FE /* InstagramUITests.swift */; };
		D6E4DF402605037D0071D4FE /* LoginViewController.swift in Sources */ = {isa = PBXBuildFile; fileRef = D6E4DF3F2605037D0071D4FE /* LoginViewController.swift */; };
		D6E4DF452605038E0071D4FE /* FeedViewController.swift in Sources */ = {isa = PBXBuildFile; fileRef = D6E4DF442605038E0071D4FE /* FeedViewController.swift */; };
		D6E4DF4A26050ED50071D4FE /* CameraViewController.swift in Sources */ = {isa = PBXBuildFile; fileRef = D6E4DF4926050ED50071D4FE /* CameraViewController.swift */; };
		E9B3E4FEE7682303030F7008 /* Pods_Instagram_InstagramUITests.framework in Frameworks */ = {isa = PBXBuildFile; fileRef = 90A76868D6AA33800A80C5EB /* Pods_Instagram_InstagramUITests.framework */; };
/* End PBXBuildFile section */

/* Begin PBXContainerItemProxy section */
		D6E4DEFB260500000071D4FE /* PBXContainerItemProxy */ = {
			isa = PBXContainerItemProxy;
			containerPortal = D6E4DEDC2604FFFF0071D4FE /* Project object */;
			proxyType = 1;
			remoteGlobalIDString = D6E4DEE32604FFFF0071D4FE;
			remoteInfo = Instagram;
		};
		D6E4DF06260500000071D4FE /* PBXContainerItemProxy */ = {
			isa = PBXContainerItemProxy;
			containerPortal = D6E4DEDC2604FFFF0071D4FE /* Project object */;
			proxyType = 1;
			remoteGlobalIDString = D6E4DEE32604FFFF0071D4FE;
			remoteInfo = Instagram;
		};
/* End PBXContainerItemProxy section */

/* Begin PBXFileReference section */
		491234EAE4B95BFB4DDE52D8 /* Pods-Instagram-InstagramUITests.release.xcconfig */ = {isa = PBXFileReference; includeInIndex = 1; lastKnownFileType = text.xcconfig; name = "Pods-Instagram-InstagramUITests.release.xcconfig"; path = "Target Support Files/Pods-Instagram-InstagramUITests/Pods-Instagram-InstagramUITests.release.xcconfig"; sourceTree = "<group>"; };
		533C0F04EBB6D5CAB8B3F652 /* Pods-InstagramTests.release.xcconfig */ = {isa = PBXFileReference; includeInIndex = 1; lastKnownFileType = text.xcconfig; name = "Pods-InstagramTests.release.xcconfig"; path = "Target Support Files/Pods-InstagramTests/Pods-InstagramTests.release.xcconfig"; sourceTree = "<group>"; };
		54F855DFC9BE63341784C862 /* Pods-InstagramTests.debug.xcconfig */ = {isa = PBXFileReference; includeInIndex = 1; lastKnownFileType = text.xcconfig; name = "Pods-InstagramTests.debug.xcconfig"; path = "Target Support Files/Pods-InstagramTests/Pods-InstagramTests.debug.xcconfig"; sourceTree = "<group>"; };
		7A51241ADC93DC4C3472DF09 /* Pods_Instagram.framework */ = {isa = PBXFileReference; explicitFileType = wrapper.framework; includeInIndex = 0; path = Pods_Instagram.framework; sourceTree = BUILT_PRODUCTS_DIR; };
		90A76868D6AA33800A80C5EB /* Pods_Instagram_InstagramUITests.framework */ = {isa = PBXFileReference; explicitFileType = wrapper.framework; includeInIndex = 0; path = Pods_Instagram_InstagramUITests.framework; sourceTree = BUILT_PRODUCTS_DIR; };
		D45E593B95394CBDBFA98914 /* Pods_InstagramTests.framework */ = {isa = PBXFileReference; explicitFileType = wrapper.framework; includeInIndex = 0; path = Pods_InstagramTests.framework; sourceTree = BUILT_PRODUCTS_DIR; };
		D64EC1BE26052F6B00BF1BD8 /* PostCell.swift */ = {isa = PBXFileReference; lastKnownFileType = sourcecode.swift; path = PostCell.swift; sourceTree = "<group>"; };
		D66D737D8D075CF08E2B9983 /* Pods-Instagram.release.xcconfig */ = {isa = PBXFileReference; includeInIndex = 1; lastKnownFileType = text.xcconfig; name = "Pods-Instagram.release.xcconfig"; path = "Target Support Files/Pods-Instagram/Pods-Instagram.release.xcconfig"; sourceTree = "<group>"; };
		D6E4DEE42604FFFF0071D4FE /* Instagram.app */ = {isa = PBXFileReference; explicitFileType = wrapper.application; includeInIndex = 0; path = Instagram.app; sourceTree = BUILT_PRODUCTS_DIR; };
		D6E4DEE72604FFFF0071D4FE /* AppDelegate.swift */ = {isa = PBXFileReference; lastKnownFileType = sourcecode.swift; path = AppDelegate.swift; sourceTree = "<group>"; };
		D6E4DEE92604FFFF0071D4FE /* SceneDelegate.swift */ = {isa = PBXFileReference; lastKnownFileType = sourcecode.swift; path = SceneDelegate.swift; sourceTree = "<group>"; };
		D6E4DEEE2604FFFF0071D4FE /* Base */ = {isa = PBXFileReference; lastKnownFileType = file.storyboard; name = Base; path = Base.lproj/Main.storyboard; sourceTree = "<group>"; };
		D6E4DEF0260500000071D4FE /* Assets.xcassets */ = {isa = PBXFileReference; lastKnownFileType = folder.assetcatalog; path = Assets.xcassets; sourceTree = "<group>"; };
		D6E4DEF3260500000071D4FE /* Base */ = {isa = PBXFileReference; lastKnownFileType = file.storyboard; name = Base; path = Base.lproj/LaunchScreen.storyboard; sourceTree = "<group>"; };
		D6E4DEF5260500000071D4FE /* Info.plist */ = {isa = PBXFileReference; lastKnownFileType = text.plist.xml; path = Info.plist; sourceTree = "<group>"; };
		D6E4DEFA260500000071D4FE /* InstagramTests.xctest */ = {isa = PBXFileReference; explicitFileType = wrapper.cfbundle; includeInIndex = 0; path = InstagramTests.xctest; sourceTree = BUILT_PRODUCTS_DIR; };
		D6E4DEFE260500000071D4FE /* InstagramTests.swift */ = {isa = PBXFileReference; lastKnownFileType = sourcecode.swift; path = InstagramTests.swift; sourceTree = "<group>"; };
		D6E4DF00260500000071D4FE /* Info.plist */ = {isa = PBXFileReference; lastKnownFileType = text.plist.xml; path = Info.plist; sourceTree = "<group>"; };
		D6E4DF05260500000071D4FE /* InstagramUITests.xctest */ = {isa = PBXFileReference; explicitFileType = wrapper.cfbundle; includeInIndex = 0; path = InstagramUITests.xctest; sourceTree = BUILT_PRODUCTS_DIR; };
		D6E4DF09260500000071D4FE /* InstagramUITests.swift */ = {isa = PBXFileReference; lastKnownFileType = sourcecode.swift; path = InstagramUITests.swift; sourceTree = "<group>"; };
		D6E4DF0B260500000071D4FE /* Info.plist */ = {isa = PBXFileReference; lastKnownFileType = text.plist.xml; path = Info.plist; sourceTree = "<group>"; };
		D6E4DF3F2605037D0071D4FE /* LoginViewController.swift */ = {isa = PBXFileReference; lastKnownFileType = sourcecode.swift; path = LoginViewController.swift; sourceTree = "<group>"; };
		D6E4DF442605038E0071D4FE /* FeedViewController.swift */ = {isa = PBXFileReference; lastKnownFileType = sourcecode.swift; path = FeedViewController.swift; sourceTree = "<group>"; };
		D6E4DF4926050ED50071D4FE /* CameraViewController.swift */ = {isa = PBXFileReference; lastKnownFileType = sourcecode.swift; path = CameraViewController.swift; sourceTree = "<group>"; };
		E0DC7F55A8FFD10D6B303DEA /* Pods-Instagram-InstagramUITests.debug.xcconfig */ = {isa = PBXFileReference; includeInIndex = 1; lastKnownFileType = text.xcconfig; name = "Pods-Instagram-InstagramUITests.debug.xcconfig"; path = "Target Support Files/Pods-Instagram-InstagramUITests/Pods-Instagram-InstagramUITests.debug.xcconfig"; sourceTree = "<group>"; };
		EF05DABC52B601FB831BFC43 /* Pods-Instagram.debug.xcconfig */ = {isa = PBXFileReference; includeInIndex = 1; lastKnownFileType = text.xcconfig; name = "Pods-Instagram.debug.xcconfig"; path = "Target Support Files/Pods-Instagram/Pods-Instagram.debug.xcconfig"; sourceTree = "<group>"; };
/* End PBXFileReference section */

/* Begin PBXFrameworksBuildPhase section */
		D6E4DEE12604FFFF0071D4FE /* Frameworks */ = {
			isa = PBXFrameworksBuildPhase;
			buildActionMask = 2147483647;
			files = (
				D1CFBF011E1DAE5505111B7B /* Pods_Instagram.framework in Frameworks */,
			);
			runOnlyForDeploymentPostprocessing = 0;
		};
		D6E4DEF7260500000071D4FE /* Frameworks */ = {
			isa = PBXFrameworksBuildPhase;
			buildActionMask = 2147483647;
			files = (
				04E4DAE428F97F35814E7A94 /* Pods_InstagramTests.framework in Frameworks */,
			);
			runOnlyForDeploymentPostprocessing = 0;
		};
		D6E4DF02260500000071D4FE /* Frameworks */ = {
			isa = PBXFrameworksBuildPhase;
			buildActionMask = 2147483647;
			files = (
				E9B3E4FEE7682303030F7008 /* Pods_Instagram_InstagramUITests.framework in Frameworks */,
			);
			runOnlyForDeploymentPostprocessing = 0;
		};
/* End PBXFrameworksBuildPhase section */

/* Begin PBXGroup section */
		71867593D85079E39286DA9B /* Pods */ = {
			isa = PBXGroup;
			children = (
				EF05DABC52B601FB831BFC43 /* Pods-Instagram.debug.xcconfig */,
				D66D737D8D075CF08E2B9983 /* Pods-Instagram.release.xcconfig */,
				E0DC7F55A8FFD10D6B303DEA /* Pods-Instagram-InstagramUITests.debug.xcconfig */,
				491234EAE4B95BFB4DDE52D8 /* Pods-Instagram-InstagramUITests.release.xcconfig */,
				54F855DFC9BE63341784C862 /* Pods-InstagramTests.debug.xcconfig */,
				533C0F04EBB6D5CAB8B3F652 /* Pods-InstagramTests.release.xcconfig */,
			);
			path = Pods;
			sourceTree = "<group>";
		};
		8CC4247CE5F46513ADB601C1 /* Frameworks */ = {
			isa = PBXGroup;
			children = (
				7A51241ADC93DC4C3472DF09 /* Pods_Instagram.framework */,
				90A76868D6AA33800A80C5EB /* Pods_Instagram_InstagramUITests.framework */,
				D45E593B95394CBDBFA98914 /* Pods_InstagramTests.framework */,
			);
			name = Frameworks;
			sourceTree = "<group>";
		};
		D6E4DEDB2604FFFF0071D4FE = {
			isa = PBXGroup;
			children = (
				D6E4DEE62604FFFF0071D4FE /* Instagram */,
				D6E4DEFD260500000071D4FE /* InstagramTests */,
				D6E4DF08260500000071D4FE /* InstagramUITests */,
				D6E4DEE52604FFFF0071D4FE /* Products */,
				71867593D85079E39286DA9B /* Pods */,
				8CC4247CE5F46513ADB601C1 /* Frameworks */,
			);
			sourceTree = "<group>";
		};
		D6E4DEE52604FFFF0071D4FE /* Products */ = {
			isa = PBXGroup;
			children = (
				D6E4DEE42604FFFF0071D4FE /* Instagram.app */,
				D6E4DEFA260500000071D4FE /* InstagramTests.xctest */,
				D6E4DF05260500000071D4FE /* InstagramUITests.xctest */,
			);
			name = Products;
			sourceTree = "<group>";
		};
		D6E4DEE62604FFFF0071D4FE /* Instagram */ = {
			isa = PBXGroup;
			children = (
				D6E4DEE72604FFFF0071D4FE /* AppDelegate.swift */,
				D6E4DEE92604FFFF0071D4FE /* SceneDelegate.swift */,
				D6E4DEED2604FFFF0071D4FE /* Main.storyboard */,
				D6E4DEF0260500000071D4FE /* Assets.xcassets */,
				D6E4DEF2260500000071D4FE /* LaunchScreen.storyboard */,
				D6E4DEF5260500000071D4FE /* Info.plist */,
				D6E4DF3F2605037D0071D4FE /* LoginViewController.swift */,
				D6E4DF442605038E0071D4FE /* FeedViewController.swift */,
				D6E4DF4926050ED50071D4FE /* CameraViewController.swift */,
				D64EC1BE26052F6B00BF1BD8 /* PostCell.swift */,
			);
			path = Instagram;
			sourceTree = "<group>";
		};
		D6E4DEFD260500000071D4FE /* InstagramTests */ = {
			isa = PBXGroup;
			children = (
				D6E4DEFE260500000071D4FE /* InstagramTests.swift */,
				D6E4DF00260500000071D4FE /* Info.plist */,
			);
			path = InstagramTests;
			sourceTree = "<group>";
		};
		D6E4DF08260500000071D4FE /* InstagramUITests */ = {
			isa = PBXGroup;
			children = (
				D6E4DF09260500000071D4FE /* InstagramUITests.swift */,
				D6E4DF0B260500000071D4FE /* Info.plist */,
			);
			path = InstagramUITests;
			sourceTree = "<group>";
		};
/* End PBXGroup section */

/* Begin PBXNativeTarget section */
		D6E4DEE32604FFFF0071D4FE /* Instagram */ = {
			isa = PBXNativeTarget;
			buildConfigurationList = D6E4DF0E260500000071D4FE /* Build configuration list for PBXNativeTarget "Instagram" */;
			buildPhases = (
				7348264972A719BD5A9A7D8A /* [CP] Check Pods Manifest.lock */,
				D6E4DEE02604FFFF0071D4FE /* Sources */,
				D6E4DEE12604FFFF0071D4FE /* Frameworks */,
				D6E4DEE22604FFFF0071D4FE /* Resources */,
				3F0A177D8E999C46277207AD /* [CP] Embed Pods Frameworks */,
			);
			buildRules = (
			);
			dependencies = (
			);
			name = Instagram;
			productName = Instagram;
			productReference = D6E4DEE42604FFFF0071D4FE /* Instagram.app */;
			productType = "com.apple.product-type.application";
		};
		D6E4DEF9260500000071D4FE /* InstagramTests */ = {
			isa = PBXNativeTarget;
			buildConfigurationList = D6E4DF11260500000071D4FE /* Build configuration list for PBXNativeTarget "InstagramTests" */;
			buildPhases = (
				1E381EAEC5F322F1A0006A8B /* [CP] Check Pods Manifest.lock */,
				D6E4DEF6260500000071D4FE /* Sources */,
				D6E4DEF7260500000071D4FE /* Frameworks */,
				D6E4DEF8260500000071D4FE /* Resources */,
			);
			buildRules = (
			);
			dependencies = (
				D6E4DEFC260500000071D4FE /* PBXTargetDependency */,
			);
			name = InstagramTests;
			productName = InstagramTests;
			productReference = D6E4DEFA260500000071D4FE /* InstagramTests.xctest */;
			productType = "com.apple.product-type.bundle.unit-test";
		};
		D6E4DF04260500000071D4FE /* InstagramUITests */ = {
			isa = PBXNativeTarget;
			buildConfigurationList = D6E4DF14260500000071D4FE /* Build configuration list for PBXNativeTarget "InstagramUITests" */;
			buildPhases = (
				34D087AF640F664D9CE7C79D /* [CP] Check Pods Manifest.lock */,
				D6E4DF01260500000071D4FE /* Sources */,
				D6E4DF02260500000071D4FE /* Frameworks */,
				D6E4DF03260500000071D4FE /* Resources */,
				0ABF66EF230FACF1EF0C2233 /* [CP] Embed Pods Frameworks */,
			);
			buildRules = (
			);
			dependencies = (
				D6E4DF07260500000071D4FE /* PBXTargetDependency */,
			);
			name = InstagramUITests;
			productName = InstagramUITests;
			productReference = D6E4DF05260500000071D4FE /* InstagramUITests.xctest */;
			productType = "com.apple.product-type.bundle.ui-testing";
		};
/* End PBXNativeTarget section */

/* Begin PBXProject section */
		D6E4DEDC2604FFFF0071D4FE /* Project object */ = {
			isa = PBXProject;
			attributes = {
				LastSwiftUpdateCheck = 1240;
				LastUpgradeCheck = 1240;
				TargetAttributes = {
					D6E4DEE32604FFFF0071D4FE = {
						CreatedOnToolsVersion = 12.4;
					};
					D6E4DEF9260500000071D4FE = {
						CreatedOnToolsVersion = 12.4;
						TestTargetID = D6E4DEE32604FFFF0071D4FE;
					};
					D6E4DF04260500000071D4FE = {
						CreatedOnToolsVersion = 12.4;
						TestTargetID = D6E4DEE32604FFFF0071D4FE;
					};
				};
			};
			buildConfigurationList = D6E4DEDF2604FFFF0071D4FE /* Build configuration list for PBXProject "Instagram" */;
			compatibilityVersion = "Xcode 9.3";
			developmentRegion = en;
			hasScannedForEncodings = 0;
			knownRegions = (
				en,
				Base,
			);
			mainGroup = D6E4DEDB2604FFFF0071D4FE;
			productRefGroup = D6E4DEE52604FFFF0071D4FE /* Products */;
			projectDirPath = "";
			projectRoot = "";
			targets = (
				D6E4DEE32604FFFF0071D4FE /* Instagram */,
				D6E4DEF9260500000071D4FE /* InstagramTests */,
				D6E4DF04260500000071D4FE /* InstagramUITests */,
			);
		};
/* End PBXProject section */

/* Begin PBXResourcesBuildPhase section */
		D6E4DEE22604FFFF0071D4FE /* Resources */ = {
			isa = PBXResourcesBuildPhase;
			buildActionMask = 2147483647;
			files = (
				D6E4DEF4260500000071D4FE /* LaunchScreen.storyboard in Resources */,
				D6E4DEF1260500000071D4FE /* Assets.xcassets in Resources */,
				D6E4DEEF2604FFFF0071D4FE /* Main.storyboard in Resources */,
			);
			runOnlyForDeploymentPostprocessing = 0;
		};
		D6E4DEF8260500000071D4FE /* Resources */ = {
			isa = PBXResourcesBuildPhase;
			buildActionMask = 2147483647;
			files = (
			);
			runOnlyForDeploymentPostprocessing = 0;
		};
		D6E4DF03260500000071D4FE /* Resources */ = {
			isa = PBXResourcesBuildPhase;
			buildActionMask = 2147483647;
			files = (
			);
			runOnlyForDeploymentPostprocessing = 0;
		};
/* End PBXResourcesBuildPhase section */

/* Begin PBXShellScriptBuildPhase section */
		0ABF66EF230FACF1EF0C2233 /* [CP] Embed Pods Frameworks */ = {
			isa = PBXShellScriptBuildPhase;
			buildActionMask = 2147483647;
			files = (
			);
			inputFileListPaths = (
				"${PODS_ROOT}/Target Support Files/Pods-Instagram-InstagramUITests/Pods-Instagram-InstagramUITests-frameworks-${CONFIGURATION}-input-files.xcfilelist",
			);
			name = "[CP] Embed Pods Frameworks";
			outputFileListPaths = (
				"${PODS_ROOT}/Target Support Files/Pods-Instagram-InstagramUITests/Pods-Instagram-InstagramUITests-frameworks-${CONFIGURATION}-output-files.xcfilelist",
			);
			runOnlyForDeploymentPostprocessing = 0;
			shellPath = /bin/sh;
			shellScript = "\"${PODS_ROOT}/Target Support Files/Pods-Instagram-InstagramUITests/Pods-Instagram-InstagramUITests-frameworks.sh\"\n";
			showEnvVarsInLog = 0;
		};
		1E381EAEC5F322F1A0006A8B /* [CP] Check Pods Manifest.lock */ = {
			isa = PBXShellScriptBuildPhase;
			buildActionMask = 2147483647;
			files = (
			);
			inputFileListPaths = (
			);
			inputPaths = (
				"${PODS_PODFILE_DIR_PATH}/Podfile.lock",
				"${PODS_ROOT}/Manifest.lock",
			);
			name = "[CP] Check Pods Manifest.lock";
			outputFileListPaths = (
			);
			outputPaths = (
				"$(DERIVED_FILE_DIR)/Pods-InstagramTests-checkManifestLockResult.txt",
			);
			runOnlyForDeploymentPostprocessing = 0;
			shellPath = /bin/sh;
			shellScript = "diff \"${PODS_PODFILE_DIR_PATH}/Podfile.lock\" \"${PODS_ROOT}/Manifest.lock\" > /dev/null\nif [ $? != 0 ] ; then\n    # print error to STDERR\n    echo \"error: The sandbox is not in sync with the Podfile.lock. Run 'pod install' or update your CocoaPods installation.\" >&2\n    exit 1\nfi\n# This output is used by Xcode 'outputs' to avoid re-running this script phase.\necho \"SUCCESS\" > \"${SCRIPT_OUTPUT_FILE_0}\"\n";
			showEnvVarsInLog = 0;
		};
		34D087AF640F664D9CE7C79D /* [CP] Check Pods Manifest.lock */ = {
			isa = PBXShellScriptBuildPhase;
			buildActionMask = 2147483647;
			files = (
			);
			inputFileListPaths = (
			);
			inputPaths = (
				"${PODS_PODFILE_DIR_PATH}/Podfile.lock",
				"${PODS_ROOT}/Manifest.lock",
			);
			name = "[CP] Check Pods Manifest.lock";
			outputFileListPaths = (
			);
			outputPaths = (
				"$(DERIVED_FILE_DIR)/Pods-Instagram-InstagramUITests-checkManifestLockResult.txt",
			);
			runOnlyForDeploymentPostprocessing = 0;
			shellPath = /bin/sh;
			shellScript = "diff \"${PODS_PODFILE_DIR_PATH}/Podfile.lock\" \"${PODS_ROOT}/Manifest.lock\" > /dev/null\nif [ $? != 0 ] ; then\n    # print error to STDERR\n    echo \"error: The sandbox is not in sync with the Podfile.lock. Run 'pod install' or update your CocoaPods installation.\" >&2\n    exit 1\nfi\n# This output is used by Xcode 'outputs' to avoid re-running this script phase.\necho \"SUCCESS\" > \"${SCRIPT_OUTPUT_FILE_0}\"\n";
			showEnvVarsInLog = 0;
		};
		3F0A177D8E999C46277207AD /* [CP] Embed Pods Frameworks */ = {
			isa = PBXShellScriptBuildPhase;
			buildActionMask = 2147483647;
			files = (
			);
			inputFileListPaths = (
				"${PODS_ROOT}/Target Support Files/Pods-Instagram/Pods-Instagram-frameworks-${CONFIGURATION}-input-files.xcfilelist",
			);
			name = "[CP] Embed Pods Frameworks";
			outputFileListPaths = (
				"${PODS_ROOT}/Target Support Files/Pods-Instagram/Pods-Instagram-frameworks-${CONFIGURATION}-output-files.xcfilelist",
			);
			runOnlyForDeploymentPostprocessing = 0;
			shellPath = /bin/sh;
			shellScript = "\"${PODS_ROOT}/Target Support Files/Pods-Instagram/Pods-Instagram-frameworks.sh\"\n";
			showEnvVarsInLog = 0;
		};
		7348264972A719BD5A9A7D8A /* [CP] Check Pods Manifest.lock */ = {
			isa = PBXShellScriptBuildPhase;
			buildActionMask = 2147483647;
			files = (
			);
			inputFileListPaths = (
			);
			inputPaths = (
				"${PODS_PODFILE_DIR_PATH}/Podfile.lock",
				"${PODS_ROOT}/Manifest.lock",
			);
			name = "[CP] Check Pods Manifest.lock";
			outputFileListPaths = (
			);
			outputPaths = (
				"$(DERIVED_FILE_DIR)/Pods-Instagram-checkManifestLockResult.txt",
			);
			runOnlyForDeploymentPostprocessing = 0;
			shellPath = /bin/sh;
			shellScript = "diff \"${PODS_PODFILE_DIR_PATH}/Podfile.lock\" \"${PODS_ROOT}/Manifest.lock\" > /dev/null\nif [ $? != 0 ] ; then\n    # print error to STDERR\n    echo \"error: The sandbox is not in sync with the Podfile.lock. Run 'pod install' or update your CocoaPods installation.\" >&2\n    exit 1\nfi\n# This output is used by Xcode 'outputs' to avoid re-running this script phase.\necho \"SUCCESS\" > \"${SCRIPT_OUTPUT_FILE_0}\"\n";
			showEnvVarsInLog = 0;
		};
/* End PBXShellScriptBuildPhase section */

/* Begin PBXSourcesBuildPhase section */
		D6E4DEE02604FFFF0071D4FE /* Sources */ = {
			isa = PBXSourcesBuildPhase;
			buildActionMask = 2147483647;
			files = (
				D6E4DF402605037D0071D4FE /* LoginViewController.swift in Sources */,
				D6E4DF4A26050ED50071D4FE /* CameraViewController.swift in Sources */,
				D6E4DEE82604FFFF0071D4FE /* AppDelegate.swift in Sources */,
				D6E4DF452605038E0071D4FE /* FeedViewController.swift in Sources */,
				D6E4DEEA2604FFFF0071D4FE /* SceneDelegate.swift in Sources */,
				D64EC1BF26052F6B00BF1BD8 /* PostCell.swift in Sources */,
			);
			runOnlyForDeploymentPostprocessing = 0;
		};
		D6E4DEF6260500000071D4FE /* Sources */ = {
			isa = PBXSourcesBuildPhase;
			buildActionMask = 2147483647;
			files = (
				D6E4DEFF260500000071D4FE /* InstagramTests.swift in Sources */,
			);
			runOnlyForDeploymentPostprocessing = 0;
		};
		D6E4DF01260500000071D4FE /* Sources */ = {
			isa = PBXSourcesBuildPhase;
			buildActionMask = 2147483647;
			files = (
				D6E4DF0A260500000071D4FE /* InstagramUITests.swift in Sources */,
			);
			runOnlyForDeploymentPostprocessing = 0;
		};
/* End PBXSourcesBuildPhase section */

/* Begin PBXTargetDependency section */
		D6E4DEFC260500000071D4FE /* PBXTargetDependency */ = {
			isa = PBXTargetDependency;
			target = D6E4DEE32604FFFF0071D4FE /* Instagram */;
			targetProxy = D6E4DEFB260500000071D4FE /* PBXContainerItemProxy */;
		};
		D6E4DF07260500000071D4FE /* PBXTargetDependency */ = {
			isa = PBXTargetDependency;
			target = D6E4DEE32604FFFF0071D4FE /* Instagram */;
			targetProxy = D6E4DF06260500000071D4FE /* PBXContainerItemProxy */;
		};
/* End PBXTargetDependency section */

/* Begin PBXVariantGroup section */
		D6E4DEED2604FFFF0071D4FE /* Main.storyboard */ = {
			isa = PBXVariantGroup;
			children = (
				D6E4DEEE2604FFFF0071D4FE /* Base */,
			);
			name = Main.storyboard;
			sourceTree = "<group>";
		};
		D6E4DEF2260500000071D4FE /* LaunchScreen.storyboard */ = {
			isa = PBXVariantGroup;
			children = (
				D6E4DEF3260500000071D4FE /* Base */,
			);
			name = LaunchScreen.storyboard;
			sourceTree = "<group>";
		};
/* End PBXVariantGroup section */

/* Begin XCBuildConfiguration section */
		D6E4DF0C260500000071D4FE /* Debug */ = {
			isa = XCBuildConfiguration;
			buildSettings = {
				ALWAYS_SEARCH_USER_PATHS = NO;
				CLANG_ANALYZER_NONNULL = YES;
				CLANG_ANALYZER_NUMBER_OBJECT_CONVERSION = YES_AGGRESSIVE;
				CLANG_CXX_LANGUAGE_STANDARD = "gnu++14";
				CLANG_CXX_LIBRARY = "libc++";
				CLANG_ENABLE_MODULES = YES;
				CLANG_ENABLE_OBJC_ARC = YES;
				CLANG_ENABLE_OBJC_WEAK = YES;
				CLANG_WARN_BLOCK_CAPTURE_AUTORELEASING = YES;
				CLANG_WARN_BOOL_CONVERSION = YES;
				CLANG_WARN_COMMA = YES;
				CLANG_WARN_CONSTANT_CONVERSION = YES;
				CLANG_WARN_DEPRECATED_OBJC_IMPLEMENTATIONS = YES;
				CLANG_WARN_DIRECT_OBJC_ISA_USAGE = YES_ERROR;
				CLANG_WARN_DOCUMENTATION_COMMENTS = YES;
				CLANG_WARN_EMPTY_BODY = YES;
				CLANG_WARN_ENUM_CONVERSION = YES;
				CLANG_WARN_INFINITE_RECURSION = YES;
				CLANG_WARN_INT_CONVERSION = YES;
				CLANG_WARN_NON_LITERAL_NULL_CONVERSION = YES;
				CLANG_WARN_OBJC_IMPLICIT_RETAIN_SELF = YES;
				CLANG_WARN_OBJC_LITERAL_CONVERSION = YES;
				CLANG_WARN_OBJC_ROOT_CLASS = YES_ERROR;
				CLANG_WARN_QUOTED_INCLUDE_IN_FRAMEWORK_HEADER = YES;
				CLANG_WARN_RANGE_LOOP_ANALYSIS = YES;
				CLANG_WARN_STRICT_PROTOTYPES = YES;
				CLANG_WARN_SUSPICIOUS_MOVE = YES;
				CLANG_WARN_UNGUARDED_AVAILABILITY = YES_AGGRESSIVE;
				CLANG_WARN_UNREACHABLE_CODE = YES;
				CLANG_WARN__DUPLICATE_METHOD_MATCH = YES;
				COPY_PHASE_STRIP = NO;
				DEBUG_INFORMATION_FORMAT = dwarf;
				ENABLE_STRICT_OBJC_MSGSEND = YES;
				ENABLE_TESTABILITY = YES;
				GCC_C_LANGUAGE_STANDARD = gnu11;
				GCC_DYNAMIC_NO_PIC = NO;
				GCC_NO_COMMON_BLOCKS = YES;
				GCC_OPTIMIZATION_LEVEL = 0;
				GCC_PREPROCESSOR_DEFINITIONS = (
					"DEBUG=1",
					"$(inherited)",
				);
				GCC_WARN_64_TO_32_BIT_CONVERSION = YES;
				GCC_WARN_ABOUT_RETURN_TYPE = YES_ERROR;
				GCC_WARN_UNDECLARED_SELECTOR = YES;
				GCC_WARN_UNINITIALIZED_AUTOS = YES_AGGRESSIVE;
				GCC_WARN_UNUSED_FUNCTION = YES;
				GCC_WARN_UNUSED_VARIABLE = YES;
				IPHONEOS_DEPLOYMENT_TARGET = 14.4;
				MTL_ENABLE_DEBUG_INFO = INCLUDE_SOURCE;
				MTL_FAST_MATH = YES;
				ONLY_ACTIVE_ARCH = YES;
				SDKROOT = iphoneos;
				SWIFT_ACTIVE_COMPILATION_CONDITIONS = DEBUG;
				SWIFT_OPTIMIZATION_LEVEL = "-Onone";
			};
			name = Debug;
		};
		D6E4DF0D260500000071D4FE /* Release */ = {
			isa = XCBuildConfiguration;
			buildSettings = {
				ALWAYS_SEARCH_USER_PATHS = NO;
				CLANG_ANALYZER_NONNULL = YES;
				CLANG_ANALYZER_NUMBER_OBJECT_CONVERSION = YES_AGGRESSIVE;
				CLANG_CXX_LANGUAGE_STANDARD = "gnu++14";
				CLANG_CXX_LIBRARY = "libc++";
				CLANG_ENABLE_MODULES = YES;
				CLANG_ENABLE_OBJC_ARC = YES;
				CLANG_ENABLE_OBJC_WEAK = YES;
				CLANG_WARN_BLOCK_CAPTURE_AUTORELEASING = YES;
				CLANG_WARN_BOOL_CONVERSION = YES;
				CLANG_WARN_COMMA = YES;
				CLANG_WARN_CONSTANT_CONVERSION = YES;
				CLANG_WARN_DEPRECATED_OBJC_IMPLEMENTATIONS = YES;
				CLANG_WARN_DIRECT_OBJC_ISA_USAGE = YES_ERROR;
				CLANG_WARN_DOCUMENTATION_COMMENTS = YES;
				CLANG_WARN_EMPTY_BODY = YES;
				CLANG_WARN_ENUM_CONVERSION = YES;
				CLANG_WARN_INFINITE_RECURSION = YES;
				CLANG_WARN_INT_CONVERSION = YES;
				CLANG_WARN_NON_LITERAL_NULL_CONVERSION = YES;
				CLANG_WARN_OBJC_IMPLICIT_RETAIN_SELF = YES;
				CLANG_WARN_OBJC_LITERAL_CONVERSION = YES;
				CLANG_WARN_OBJC_ROOT_CLASS = YES_ERROR;
				CLANG_WARN_QUOTED_INCLUDE_IN_FRAMEWORK_HEADER = YES;
				CLANG_WARN_RANGE_LOOP_ANALYSIS = YES;
				CLANG_WARN_STRICT_PROTOTYPES = YES;
				CLANG_WARN_SUSPICIOUS_MOVE = YES;
				CLANG_WARN_UNGUARDED_AVAILABILITY = YES_AGGRESSIVE;
				CLANG_WARN_UNREACHABLE_CODE = YES;
				CLANG_WARN__DUPLICATE_METHOD_MATCH = YES;
				COPY_PHASE_STRIP = NO;
				DEBUG_INFORMATION_FORMAT = "dwarf-with-dsym";
				ENABLE_NS_ASSERTIONS = NO;
				ENABLE_STRICT_OBJC_MSGSEND = YES;
				GCC_C_LANGUAGE_STANDARD = gnu11;
				GCC_NO_COMMON_BLOCKS = YES;
				GCC_WARN_64_TO_32_BIT_CONVERSION = YES;
				GCC_WARN_ABOUT_RETURN_TYPE = YES_ERROR;
				GCC_WARN_UNDECLARED_SELECTOR = YES;
				GCC_WARN_UNINITIALIZED_AUTOS = YES_AGGRESSIVE;
				GCC_WARN_UNUSED_FUNCTION = YES;
				GCC_WARN_UNUSED_VARIABLE = YES;
				IPHONEOS_DEPLOYMENT_TARGET = 14.4;
				MTL_ENABLE_DEBUG_INFO = NO;
				MTL_FAST_MATH = YES;
				SDKROOT = iphoneos;
				SWIFT_COMPILATION_MODE = wholemodule;
				SWIFT_OPTIMIZATION_LEVEL = "-O";
				VALIDATE_PRODUCT = YES;
			};
			name = Release;
		};
		D6E4DF0F260500000071D4FE /* Debug */ = {
			isa = XCBuildConfiguration;
			baseConfigurationReference = EF05DABC52B601FB831BFC43 /* Pods-Instagram.debug.xcconfig */;
			buildSettings = {
				ASSETCATALOG_COMPILER_APPICON_NAME = AppIcon;
				ASSETCATALOG_COMPILER_GLOBAL_ACCENT_COLOR_NAME = AccentColor;
				CODE_SIGN_STYLE = Automatic;
				INFOPLIST_FILE = Instagram/Info.plist;
				LD_RUNPATH_SEARCH_PATHS = (
					"$(inherited)",
					"@executable_path/Frameworks",
				);
				PRODUCT_BUNDLE_IDENTIFIER = "houyhourung88-gmail.com.Instagram";
				PRODUCT_NAME = "$(TARGET_NAME)";
				SWIFT_VERSION = 5.0;
				TARGETED_DEVICE_FAMILY = "1,2";
			};
			name = Debug;
		};
		D6E4DF10260500000071D4FE /* Release */ = {
			isa = XCBuildConfiguration;
			baseConfigurationReference = D66D737D8D075CF08E2B9983 /* Pods-Instagram.release.xcconfig */;
			buildSettings = {
				ASSETCATALOG_COMPILER_APPICON_NAME = AppIcon;
				ASSETCATALOG_COMPILER_GLOBAL_ACCENT_COLOR_NAME = AccentColor;
				CODE_SIGN_STYLE = Automatic;
				INFOPLIST_FILE = Instagram/Info.plist;
				LD_RUNPATH_SEARCH_PATHS = (
					"$(inherited)",
					"@executable_path/Frameworks",
				);
				PRODUCT_BUNDLE_IDENTIFIER = "houyhourung88-gmail.com.Instagram";
				PRODUCT_NAME = "$(TARGET_NAME)";
				SWIFT_VERSION = 5.0;
				TARGETED_DEVICE_FAMILY = "1,2";
			};
			name = Release;
		};
		D6E4DF12260500000071D4FE /* Debug */ = {
			isa = XCBuildConfiguration;
			baseConfigurationReference = 54F855DFC9BE63341784C862 /* Pods-InstagramTests.debug.xcconfig */;
			buildSettings = {
				ALWAYS_EMBED_SWIFT_STANDARD_LIBRARIES = YES;
				BUNDLE_LOADER = "$(TEST_HOST)";
				CODE_SIGN_STYLE = Automatic;
				INFOPLIST_FILE = InstagramTests/Info.plist;
				IPHONEOS_DEPLOYMENT_TARGET = 14.4;
				LD_RUNPATH_SEARCH_PATHS = (
					"$(inherited)",
					"@executable_path/Frameworks",
					"@loader_path/Frameworks",
				);
				PRODUCT_BUNDLE_IDENTIFIER = "houyhourung88-gmail.com.InstagramTests";
				PRODUCT_NAME = "$(TARGET_NAME)";
				SWIFT_VERSION = 5.0;
				TARGETED_DEVICE_FAMILY = "1,2";
				TEST_HOST = "$(BUILT_PRODUCTS_DIR)/Instagram.app/Instagram";
			};
			name = Debug;
		};
		D6E4DF13260500000071D4FE /* Release */ = {
			isa = XCBuildConfiguration;
			baseConfigurationReference = 533C0F04EBB6D5CAB8B3F652 /* Pods-InstagramTests.release.xcconfig */;
			buildSettings = {
				ALWAYS_EMBED_SWIFT_STANDARD_LIBRARIES = YES;
				BUNDLE_LOADER = "$(TEST_HOST)";
				CODE_SIGN_STYLE = Automatic;
				INFOPLIST_FILE = InstagramTests/Info.plist;
				IPHONEOS_DEPLOYMENT_TARGET = 14.4;
				LD_RUNPATH_SEARCH_PATHS = (
					"$(inherited)",
					"@executable_path/Frameworks",
					"@loader_path/Frameworks",
				);
				PRODUCT_BUNDLE_IDENTIFIER = "houyhourung88-gmail.com.InstagramTests";
				PRODUCT_NAME = "$(TARGET_NAME)";
				SWIFT_VERSION = 5.0;
				TARGETED_DEVICE_FAMILY = "1,2";
				TEST_HOST = "$(BUILT_PRODUCTS_DIR)/Instagram.app/Instagram";
			};
			name = Release;
		};
		D6E4DF15260500000071D4FE /* Debug */ = {
			isa = XCBuildConfiguration;
			baseConfigurationReference = E0DC7F55A8FFD10D6B303DEA /* Pods-Instagram-InstagramUITests.debug.xcconfig */;
			buildSettings = {
				ALWAYS_EMBED_SWIFT_STANDARD_LIBRARIES = YES;
				CODE_SIGN_STYLE = Automatic;
				INFOPLIST_FILE = InstagramUITests/Info.plist;
				LD_RUNPATH_SEARCH_PATHS = (
					"$(inherited)",
					"@executable_path/Frameworks",
					"@loader_path/Frameworks",
				);
				PRODUCT_BUNDLE_IDENTIFIER = "houyhourung88-gmail.com.InstagramUITests";
				PRODUCT_NAME = "$(TARGET_NAME)";
				SWIFT_VERSION = 5.0;
				TARGETED_DEVICE_FAMILY = "1,2";
				TEST_TARGET_NAME = Instagram;
			};
			name = Debug;
		};
		D6E4DF16260500000071D4FE /* Release */ = {
			isa = XCBuildConfiguration;
			baseConfigurationReference = 491234EAE4B95BFB4DDE52D8 /* Pods-Instagram-InstagramUITests.release.xcconfig */;
			buildSettings = {
				ALWAYS_EMBED_SWIFT_STANDARD_LIBRARIES = YES;
				CODE_SIGN_STYLE = Automatic;
				INFOPLIST_FILE = InstagramUITests/Info.plist;
				LD_RUNPATH_SEARCH_PATHS = (
					"$(inherited)",
					"@executable_path/Frameworks",
					"@loader_path/Frameworks",
				);
				PRODUCT_BUNDLE_IDENTIFIER = "houyhourung88-gmail.com.InstagramUITests";
				PRODUCT_NAME = "$(TARGET_NAME)";
				SWIFT_VERSION = 5.0;
				TARGETED_DEVICE_FAMILY = "1,2";
				TEST_TARGET_NAME = Instagram;
			};
			name = Release;
		};
/* End XCBuildConfiguration section */

/* Begin XCConfigurationList section */
		D6E4DEDF2604FFFF0071D4FE /* Build configuration list for PBXProject "Instagram" */ = {
			isa = XCConfigurationList;
			buildConfigurations = (
				D6E4DF0C260500000071D4FE /* Debug */,
				D6E4DF0D260500000071D4FE /* Release */,
			);
			defaultConfigurationIsVisible = 0;
			defaultConfigurationName = Release;
		};
		D6E4DF0E260500000071D4FE /* Build configuration list for PBXNativeTarget "Instagram" */ = {
			isa = XCConfigurationList;
			buildConfigurations = (
				D6E4DF0F260500000071D4FE /* Debug */,
				D6E4DF10260500000071D4FE /* Release */,
			);
			defaultConfigurationIsVisible = 0;
			defaultConfigurationName = Release;
		};
		D6E4DF11260500000071D4FE /* Build configuration list for PBXNativeTarget "InstagramTests" */ = {
			isa = XCConfigurationList;
			buildConfigurations = (
				D6E4DF12260500000071D4FE /* Debug */,
				D6E4DF13260500000071D4FE /* Release */,
			);
			defaultConfigurationIsVisible = 0;
			defaultConfigurationName = Release;
		};
		D6E4DF14260500000071D4FE /* Build configuration list for PBXNativeTarget "InstagramUITests" */ = {
			isa = XCConfigurationList;
			buildConfigurations = (
				D6E4DF15260500000071D4FE /* Debug */,
				D6E4DF16260500000071D4FE /* Release */,
			);
			defaultConfigurationIsVisible = 0;
			defaultConfigurationName = Release;
		};
/* End XCConfigurationList section */
	};
	rootObject = D6E4DEDC2604FFFF0071D4FE /* Project object */;
}
